
Microsoft Visual Studio Solution File, Format Version 12.00
# Visual Studio Version 16
VisualStudioVersion = 16.0.34407.143
MinimumVisualStudioVersion = 10.0.40219.1
Project("{FAE04EC0-301F-11D3-BF4B-00C04F79EFBC}") = "ExerciciosConsolidado", "ExerciciosConsolidado\ExerciciosConsolidado.csproj", "{A1C890CE-5363-4D78-92D5-080C9A40FCE6}"
EndProject
Global
	GlobalSection(SolutionConfigurationPlatforms) = preSolution
		Debug|Any CPU = Debug|Any CPU
		Release|Any CPU = Release|Any CPU
	EndGlobalSection
	GlobalSection(ProjectConfigurationPlatforms) = postSolution
		{A1C890CE-5363-4D78-92D5-080C9A40FCE6}.Debug|Any CPU.ActiveCfg = Debug|Any CPU
		{A1C890CE-5363-4D78-92D5-080C9A40FCE6}.Debug|Any CPU.Build.0 = Debug|Any CPU
		{A1C890CE-5363-4D78-92D5-080C9A40FCE6}.Release|Any CPU.ActiveCfg = Release|Any CPU
		{A1C890CE-5363-4D78-92D5-080C9A40FCE6}.Release|Any CPU.Build.0 = Release|Any CPU
	EndGlobalSection
	GlobalSection(SolutionProperties) = preSolution
		HideSolutionNode = FALSE
	EndGlobalSection
	GlobalSection(ExtensibilityGlobals) = postSolution
		SolutionGuid = {870ECFCB-8873-4329-A35B-7D3ACE871E39}
	EndGlobalSection
EndGlobal
